// !$*UTF8*$!
{
	archiveVersion = 1;
	classes = {
	};
	objectVersion = 46;
	objects = {

/* Begin PBXBuildFile section */
		342DEA861DAED5E80069D58B /* AppDelegate.swift in Sources */ = {isa = PBXBuildFile; fileRef = 342DEA851DAED5E80069D58B /* AppDelegate.swift */; };
		342DEA881DAED5E80069D58B /* ViewController.swift in Sources */ = {isa = PBXBuildFile; fileRef = 342DEA871DAED5E80069D58B /* ViewController.swift */; };
		342DEA8B1DAED5E80069D58B /* Main.storyboard in Resources */ = {isa = PBXBuildFile; fileRef = 342DEA891DAED5E80069D58B /* Main.storyboard */; };
		342DEA8D1DAED5E80069D58B /* Assets.xcassets in Resources */ = {isa = PBXBuildFile; fileRef = 342DEA8C1DAED5E80069D58B /* Assets.xcassets */; };
		342DEA901DAED5E80069D58B /* LaunchScreen.storyboard in Resources */ = {isa = PBXBuildFile; fileRef = 342DEA8E1DAED5E80069D58B /* LaunchScreen.storyboard */; };
		342DEA9B1DAED5E80069D58B /* BasicUserRegistrationEmail_SwiftTests.swift in Sources */ = {isa = PBXBuildFile; fileRef = 342DEA9A1DAED5E80069D58B /* BasicUserRegistrationEmail_SwiftTests.swift */; };
		342DEAA61DAED5E80069D58B /* BasicUserRegistrationEmail_SwiftUITests.swift in Sources */ = {isa = PBXBuildFile; fileRef = 342DEAA51DAED5E80069D58B /* BasicUserRegistrationEmail_SwiftUITests.swift */; };
		342DEAB51DAED9450069D58B /* Bolts.framework in Frameworks */ = {isa = PBXBuildFile; fileRef = 342DEAB31DAED9450069D58B /* Bolts.framework */; };
		342DEAB61DAED9450069D58B /* Parse.framework in Frameworks */ = {isa = PBXBuildFile; fileRef = 342DEAB41DAED9450069D58B /* Parse.framework */; };
		342DEAC21DAED97B0069D58B /* AudioToolbox.framework in Frameworks */ = {isa = PBXBuildFile; fileRef = 342DEAB81DAED97B0069D58B /* AudioToolbox.framework */; };
		342DEAC31DAED97B0069D58B /* CFNetwork.framework in Frameworks */ = {isa = PBXBuildFile; fileRef = 342DEAB91DAED97B0069D58B /* CFNetwork.framework */; };
		342DEAC41DAED97B0069D58B /* CoreGraphics.framework in Frameworks */ = {isa = PBXBuildFile; fileRef = 342DEABA1DAED97B0069D58B /* CoreGraphics.framework */; };
		342DEAC51DAED97B0069D58B /* CoreLocation.framework in Frameworks */ = {isa = PBXBuildFile; fileRef = 342DEABB1DAED97B0069D58B /* CoreLocation.framework */; };
		342DEAC61DAED97B0069D58B /* libsqlite3.tbd in Frameworks */ = {isa = PBXBuildFile; fileRef = 342DEABC1DAED97B0069D58B /* libsqlite3.tbd */; };
		342DEAC71DAED97B0069D58B /* libz.tbd in Frameworks */ = {isa = PBXBuildFile; fileRef = 342DEABD1DAED97B0069D58B /* libz.tbd */; };
		342DEAC81DAED97B0069D58B /* QuartzCore.framework in Frameworks */ = {isa = PBXBuildFile; fileRef = 342DEABE1DAED97B0069D58B /* QuartzCore.framework */; };
		342DEAC91DAED97B0069D58B /* Security.framework in Frameworks */ = {isa = PBXBuildFile; fileRef = 342DEABF1DAED97B0069D58B /* Security.framework */; };
		342DEACA1DAED97B0069D58B /* StoreKit.framework in Frameworks */ = {isa = PBXBuildFile; fileRef = 342DEAC01DAED97B0069D58B /* StoreKit.framework */; };
		342DEACB1DAED97B0069D58B /* SystemConfiguration.framework in Frameworks */ = {isa = PBXBuildFile; fileRef = 342DEAC11DAED97B0069D58B /* SystemConfiguration.framework */; };
/* End PBXBuildFile section */

/* Begin PBXContainerItemProxy section */
		342DEA971DAED5E80069D58B /* PBXContainerItemProxy */ = {
			isa = PBXContainerItemProxy;
			containerPortal = 342DEA7A1DAED5E70069D58B /* Project object */;
			proxyType = 1;
			remoteGlobalIDString = 342DEA811DAED5E70069D58B;
			remoteInfo = "BasicUserRegistrationEmail-Swift";
		};
		342DEAA21DAED5E80069D58B /* PBXContainerItemProxy */ = {
			isa = PBXContainerItemProxy;
			containerPortal = 342DEA7A1DAED5E70069D58B /* Project object */;
			proxyType = 1;
			remoteGlobalIDString = 342DEA811DAED5E70069D58B;
			remoteInfo = "BasicUserRegistrationEmail-Swift";
		};
/* End PBXContainerItemProxy section */

/* Begin PBXFileReference section */
		342DEA821DAED5E80069D58B /* BasicUserRegistrationEmail-Swift.app */ = {isa = PBXFileReference; explicitFileType = wrapper.application; includeInIndex = 0; path = "BasicUserRegistrationEmail-Swift.app"; sourceTree = BUILT_PRODUCTS_DIR; };
		342DEA851DAED5E80069D58B /* AppDelegate.swift */ = {isa = PBXFileReference; lastKnownFileType = sourcecode.swift; path = AppDelegate.swift; sourceTree = "<group>"; };
		342DEA871DAED5E80069D58B /* ViewController.swift */ = {isa = PBXFileReference; lastKnownFileType = sourcecode.swift; path = ViewController.swift; sourceTree = "<group>"; };
		342DEA8A1DAED5E80069D58B /* Base */ = {isa = PBXFileReference; lastKnownFileType = file.storyboard; name = Base; path = Base.lproj/Main.storyboard; sourceTree = "<group>"; };
		342DEA8C1DAED5E80069D58B /* Assets.xcassets */ = {isa = PBXFileReference; lastKnownFileType = folder.assetcatalog; path = Assets.xcassets; sourceTree = "<group>"; };
		342DEA8F1DAED5E80069D58B /* Base */ = {isa = PBXFileReference; lastKnownFileType = file.storyboard; name = Base; path = Base.lproj/LaunchScreen.storyboard; sourceTree = "<group>"; };
		342DEA911DAED5E80069D58B /* Info.plist */ = {isa = PBXFileReference; lastKnownFileType = text.plist.xml; path = Info.plist; sourceTree = "<group>"; };
		342DEA961DAED5E80069D58B /* BasicUserRegistrationEmail-SwiftTests.xctest */ = {isa = PBXFileReference; explicitFileType = wrapper.cfbundle; includeInIndex = 0; path = "BasicUserRegistrationEmail-SwiftTests.xctest"; sourceTree = BUILT_PRODUCTS_DIR; };
		342DEA9A1DAED5E80069D58B /* BasicUserRegistrationEmail_SwiftTests.swift */ = {isa = PBXFileReference; lastKnownFileType = sourcecode.swift; path = BasicUserRegistrationEmail_SwiftTests.swift; sourceTree = "<group>"; };
		342DEA9C1DAED5E80069D58B /* Info.plist */ = {isa = PBXFileReference; lastKnownFileType = text.plist.xml; path = Info.plist; sourceTree = "<group>"; };
		342DEAA11DAED5E80069D58B /* BasicUserRegistrationEmail-SwiftUITests.xctest */ = {isa = PBXFileReference; explicitFileType = wrapper.cfbundle; includeInIndex = 0; path = "BasicUserRegistrationEmail-SwiftUITests.xctest"; sourceTree = BUILT_PRODUCTS_DIR; };
		342DEAA51DAED5E80069D58B /* BasicUserRegistrationEmail_SwiftUITests.swift */ = {isa = PBXFileReference; lastKnownFileType = sourcecode.swift; path = BasicUserRegistrationEmail_SwiftUITests.swift; sourceTree = "<group>"; };
		342DEAA71DAED5E80069D58B /* Info.plist */ = {isa = PBXFileReference; lastKnownFileType = text.plist.xml; path = Info.plist; sourceTree = "<group>"; };
		342DEAB31DAED9450069D58B /* Bolts.framework */ = {isa = PBXFileReference; lastKnownFileType = wrapper.framework; path = Bolts.framework; sourceTree = "<group>"; };
		342DEAB41DAED9450069D58B /* Parse.framework */ = {isa = PBXFileReference; lastKnownFileType = wrapper.framework; path = Parse.framework; sourceTree = "<group>"; };
		342DEAB81DAED97B0069D58B /* AudioToolbox.framework */ = {isa = PBXFileReference; lastKnownFileType = wrapper.framework; name = AudioToolbox.framework; path = System/Library/Frameworks/AudioToolbox.framework; sourceTree = SDKROOT; };
		342DEAB91DAED97B0069D58B /* CFNetwork.framework */ = {isa = PBXFileReference; lastKnownFileType = wrapper.framework; name = CFNetwork.framework; path = System/Library/Frameworks/CFNetwork.framework; sourceTree = SDKROOT; };
		342DEABA1DAED97B0069D58B /* CoreGraphics.framework */ = {isa = PBXFileReference; lastKnownFileType = wrapper.framework; name = CoreGraphics.framework; path = System/Library/Frameworks/CoreGraphics.framework; sourceTree = SDKROOT; };
		342DEABB1DAED97B0069D58B /* CoreLocation.framework */ = {isa = PBXFileReference; lastKnownFileType = wrapper.framework; name = CoreLocation.framework; path = System/Library/Frameworks/CoreLocation.framework; sourceTree = SDKROOT; };
		342DEABC1DAED97B0069D58B /* libsqlite3.tbd */ = {isa = PBXFileReference; lastKnownFileType = "sourcecode.text-based-dylib-definition"; name = libsqlite3.tbd; path = usr/lib/libsqlite3.tbd; sourceTree = SDKROOT; };
		342DEABD1DAED97B0069D58B /* libz.tbd */ = {isa = PBXFileReference; lastKnownFileType = "sourcecode.text-based-dylib-definition"; name = libz.tbd; path = usr/lib/libz.tbd; sourceTree = SDKROOT; };
		342DEABE1DAED97B0069D58B /* QuartzCore.framework */ = {isa = PBXFileReference; lastKnownFileType = wrapper.framework; name = QuartzCore.framework; path = System/Library/Frameworks/QuartzCore.framework; sourceTree = SDKROOT; };
		342DEABF1DAED97B0069D58B /* Security.framework */ = {isa = PBXFileReference; lastKnownFileType = wrapper.framework; name = Security.framework; path = System/Library/Frameworks/Security.framework; sourceTree = SDKROOT; };
		342DEAC01DAED97B0069D58B /* StoreKit.framework */ = {isa = PBXFileReference; lastKnownFileType = wrapper.framework; name = StoreKit.framework; path = System/Library/Frameworks/StoreKit.framework; sourceTree = SDKROOT; };
		342DEAC11DAED97B0069D58B /* SystemConfiguration.framework */ = {isa = PBXFileReference; lastKnownFileType = wrapper.framework; name = SystemConfiguration.framework; path = System/Library/Frameworks/SystemConfiguration.framework; sourceTree = SDKROOT; };
/* End PBXFileReference section */

/* Begin PBXFrameworksBuildPhase section */
		342DEA7F1DAED5E70069D58B /* Frameworks */ = {
			isa = PBXFrameworksBuildPhase;
			buildActionMask = 2147483647;
			files = (
				342DEAC21DAED97B0069D58B /* AudioToolbox.framework in Frameworks */,
				342DEAC31DAED97B0069D58B /* CFNetwork.framework in Frameworks */,
				342DEAC41DAED97B0069D58B /* CoreGraphics.framework in Frameworks */,
				342DEAC51DAED97B0069D58B /* CoreLocation.framework in Frameworks */,
				342DEAC61DAED97B0069D58B /* libsqlite3.tbd in Frameworks */,
				342DEAC71DAED97B0069D58B /* libz.tbd in Frameworks */,
				342DEAC81DAED97B0069D58B /* QuartzCore.framework in Frameworks */,
				342DEAC91DAED97B0069D58B /* Security.framework in Frameworks */,
				342DEACA1DAED97B0069D58B /* StoreKit.framework in Frameworks */,
				342DEACB1DAED97B0069D58B /* SystemConfiguration.framework in Frameworks */,
				342DEAB61DAED9450069D58B /* Parse.framework in Frameworks */,
				342DEAB51DAED9450069D58B /* Bolts.framework in Frameworks */,
			);
			runOnlyForDeploymentPostprocessing = 0;
		};
		342DEA931DAED5E80069D58B /* Frameworks */ = {
			isa = PBXFrameworksBuildPhase;
			buildActionMask = 2147483647;
			files = (
			);
			runOnlyForDeploymentPostprocessing = 0;
		};
		342DEA9E1DAED5E80069D58B /* Frameworks */ = {
			isa = PBXFrameworksBuildPhase;
			buildActionMask = 2147483647;
			files = (
			);
			runOnlyForDeploymentPostprocessing = 0;
		};
/* End PBXFrameworksBuildPhase section */

/* Begin PBXGroup section */
		342DEA791DAED5E70069D58B = {
			isa = PBXGroup;
			children = (
				342DEAB31DAED9450069D58B /* Bolts.framework */,
				342DEAB41DAED9450069D58B /* Parse.framework */,
				342DEA841DAED5E80069D58B /* BasicUserRegistrationEmail-Swift */,
				342DEA991DAED5E80069D58B /* BasicUserRegistrationEmail-SwiftTests */,
				342DEAA41DAED5E80069D58B /* BasicUserRegistrationEmail-SwiftUITests */,
				342DEA831DAED5E80069D58B /* Products */,
				342DEAB71DAED97A0069D58B /* Frameworks */,
			);
			sourceTree = "<group>";
		};
		342DEA831DAED5E80069D58B /* Products */ = {
			isa = PBXGroup;
			children = (
				342DEA821DAED5E80069D58B /* BasicUserRegistrationEmail-Swift.app */,
				342DEA961DAED5E80069D58B /* BasicUserRegistrationEmail-SwiftTests.xctest */,
				342DEAA11DAED5E80069D58B /* BasicUserRegistrationEmail-SwiftUITests.xctest */,
			);
			name = Products;
			sourceTree = "<group>";
		};
		342DEA841DAED5E80069D58B /* BasicUserRegistrationEmail-Swift */ = {
			isa = PBXGroup;
			children = (
				342DEA851DAED5E80069D58B /* AppDelegate.swift */,
				342DEA871DAED5E80069D58B /* ViewController.swift */,
				342DEA891DAED5E80069D58B /* Main.storyboard */,
				342DEA8C1DAED5E80069D58B /* Assets.xcassets */,
				342DEA8E1DAED5E80069D58B /* LaunchScreen.storyboard */,
				342DEA911DAED5E80069D58B /* Info.plist */,
			);
			path = "BasicUserRegistrationEmail-Swift";
			sourceTree = "<group>";
		};
		342DEA991DAED5E80069D58B /* BasicUserRegistrationEmail-SwiftTests */ = {
			isa = PBXGroup;
			children = (
				342DEA9A1DAED5E80069D58B /* BasicUserRegistrationEmail_SwiftTests.swift */,
				342DEA9C1DAED5E80069D58B /* Info.plist */,
			);
			path = "BasicUserRegistrationEmail-SwiftTests";
			sourceTree = "<group>";
		};
		342DEAA41DAED5E80069D58B /* BasicUserRegistrationEmail-SwiftUITests */ = {
			isa = PBXGroup;
			children = (
				342DEAA51DAED5E80069D58B /* BasicUserRegistrationEmail_SwiftUITests.swift */,
				342DEAA71DAED5E80069D58B /* Info.plist */,
			);
			path = "BasicUserRegistrationEmail-SwiftUITests";
			sourceTree = "<group>";
		};
		342DEAB71DAED97A0069D58B /* Frameworks */ = {
			isa = PBXGroup;
			children = (
				342DEAB81DAED97B0069D58B /* AudioToolbox.framework */,
				342DEAB91DAED97B0069D58B /* CFNetwork.framework */,
				342DEABA1DAED97B0069D58B /* CoreGraphics.framework */,
				342DEABB1DAED97B0069D58B /* CoreLocation.framework */,
				342DEABC1DAED97B0069D58B /* libsqlite3.tbd */,
				342DEABD1DAED97B0069D58B /* libz.tbd */,
				342DEABE1DAED97B0069D58B /* QuartzCore.framework */,
				342DEABF1DAED97B0069D58B /* Security.framework */,
				342DEAC01DAED97B0069D58B /* StoreKit.framework */,
				342DEAC11DAED97B0069D58B /* SystemConfiguration.framework */,
			);
			name = Frameworks;
			sourceTree = "<group>";
		};
/* End PBXGroup section */

/* Begin PBXNativeTarget section */
		342DEA811DAED5E70069D58B /* BasicUserRegistrationEmail-Swift */ = {
			isa = PBXNativeTarget;
			buildConfigurationList = 342DEAAA1DAED5E80069D58B /* Build configuration list for PBXNativeTarget "BasicUserRegistrationEmail-Swift" */;
			buildPhases = (
				342DEA7E1DAED5E70069D58B /* Sources */,
				342DEA7F1DAED5E70069D58B /* Frameworks */,
				342DEA801DAED5E70069D58B /* Resources */,
			);
			buildRules = (
			);
			dependencies = (
			);
			name = "BasicUserRegistrationEmail-Swift";
			productName = "BasicUserRegistrationEmail-Swift";
			productReference = 342DEA821DAED5E80069D58B /* BasicUserRegistrationEmail-Swift.app */;
			productType = "com.apple.product-type.application";
		};
		342DEA951DAED5E80069D58B /* BasicUserRegistrationEmail-SwiftTests */ = {
			isa = PBXNativeTarget;
			buildConfigurationList = 342DEAAD1DAED5E80069D58B /* Build configuration list for PBXNativeTarget "BasicUserRegistrationEmail-SwiftTests" */;
			buildPhases = (
				342DEA921DAED5E80069D58B /* Sources */,
				342DEA931DAED5E80069D58B /* Frameworks */,
				342DEA941DAED5E80069D58B /* Resources */,
			);
			buildRules = (
			);
			dependencies = (
				342DEA981DAED5E80069D58B /* PBXTargetDependency */,
			);
			name = "BasicUserRegistrationEmail-SwiftTests";
			productName = "BasicUserRegistrationEmail-SwiftTests";
			productReference = 342DEA961DAED5E80069D58B /* BasicUserRegistrationEmail-SwiftTests.xctest */;
			productType = "com.apple.product-type.bundle.unit-test";
		};
		342DEAA01DAED5E80069D58B /* BasicUserRegistrationEmail-SwiftUITests */ = {
			isa = PBXNativeTarget;
			buildConfigurationList = 342DEAB01DAED5E80069D58B /* Build configuration list for PBXNativeTarget "BasicUserRegistrationEmail-SwiftUITests" */;
			buildPhases = (
				342DEA9D1DAED5E80069D58B /* Sources */,
				342DEA9E1DAED5E80069D58B /* Frameworks */,
				342DEA9F1DAED5E80069D58B /* Resources */,
			);
			buildRules = (
			);
			dependencies = (
				342DEAA31DAED5E80069D58B /* PBXTargetDependency */,
			);
			name = "BasicUserRegistrationEmail-SwiftUITests";
			productName = "BasicUserRegistrationEmail-SwiftUITests";
			productReference = 342DEAA11DAED5E80069D58B /* BasicUserRegistrationEmail-SwiftUITests.xctest */;
			productType = "com.apple.product-type.bundle.ui-testing";
		};
/* End PBXNativeTarget section */

/* Begin PBXProject section */
		342DEA7A1DAED5E70069D58B /* Project object */ = {
			isa = PBXProject;
			attributes = {
				LastSwiftUpdateCheck = 0800;
				LastUpgradeCheck = 0800;
				ORGANIZATIONNAME = back4app;
				TargetAttributes = {
					342DEA811DAED5E70069D58B = {
						CreatedOnToolsVersion = 8.0;
						ProvisioningStyle = Automatic;
					};
					342DEA951DAED5E80069D58B = {
						CreatedOnToolsVersion = 8.0;
						ProvisioningStyle = Automatic;
						TestTargetID = 342DEA811DAED5E70069D58B;
					};
					342DEAA01DAED5E80069D58B = {
						CreatedOnToolsVersion = 8.0;
						ProvisioningStyle = Automatic;
						TestTargetID = 342DEA811DAED5E70069D58B;
					};
				};
			};
			buildConfigurationList = 342DEA7D1DAED5E70069D58B /* Build configuration list for PBXProject "BasicUserRegistrationEmail-Swift" */;
			compatibilityVersion = "Xcode 3.2";
			developmentRegion = English;
			hasScannedForEncodings = 0;
			knownRegions = (
				en,
				Base,
			);
			mainGroup = 342DEA791DAED5E70069D58B;
			productRefGroup = 342DEA831DAED5E80069D58B /* Products */;
			projectDirPath = "";
			projectRoot = "";
			targets = (
				342DEA811DAED5E70069D58B /* BasicUserRegistrationEmail-Swift */,
				342DEA951DAED5E80069D58B /* BasicUserRegistrationEmail-SwiftTests */,
				342DEAA01DAED5E80069D58B /* BasicUserRegistrationEmail-SwiftUITests */,
			);
		};
/* End PBXProject section */

/* Begin PBXResourcesBuildPhase section */
		342DEA801DAED5E70069D58B /* Resources */ = {
			isa = PBXResourcesBuildPhase;
			buildActionMask = 2147483647;
			files = (
				342DEA901DAED5E80069D58B /* LaunchScreen.storyboard in Resources */,
				342DEA8D1DAED5E80069D58B /* Assets.xcassets in Resources */,
				342DEA8B1DAED5E80069D58B /* Main.storyboard in Resources */,
			);
			runOnlyForDeploymentPostprocessing = 0;
		};
		342DEA941DAED5E80069D58B /* Resources */ = {
			isa = PBXResourcesBuildPhase;
			buildActionMask = 2147483647;
			files = (
			);
			runOnlyForDeploymentPostprocessing = 0;
		};
		342DEA9F1DAED5E80069D58B /* Resources */ = {
			isa = PBXResourcesBuildPhase;
			buildActionMask = 2147483647;
			files = (
			);
			runOnlyForDeploymentPostprocessing = 0;
		};
/* End PBXResourcesBuildPhase section */

/* Begin PBXSourcesBuildPhase section */
		342DEA7E1DAED5E70069D58B /* Sources */ = {
			isa = PBXSourcesBuildPhase;
			buildActionMask = 2147483647;
			files = (
				342DEA881DAED5E80069D58B /* ViewController.swift in Sources */,
				342DEA861DAED5E80069D58B /* AppDelegate.swift in Sources */,
			);
			runOnlyForDeploymentPostprocessing = 0;
		};
		342DEA921DAED5E80069D58B /* Sources */ = {
			isa = PBXSourcesBuildPhase;
			buildActionMask = 2147483647;
			files = (
				342DEA9B1DAED5E80069D58B /* BasicUserRegistrationEmail_SwiftTests.swift in Sources */,
			);
			runOnlyForDeploymentPostprocessing = 0;
		};
		342DEA9D1DAED5E80069D58B /* Sources */ = {
			isa = PBXSourcesBuildPhase;
			buildActionMask = 2147483647;
			files = (
				342DEAA61DAED5E80069D58B /* BasicUserRegistrationEmail_SwiftUITests.swift in Sources */,
			);
			runOnlyForDeploymentPostprocessing = 0;
		};
/* End PBXSourcesBuildPhase section */

/* Begin PBXTargetDependency section */
		342DEA981DAED5E80069D58B /* PBXTargetDependency */ = {
			isa = PBXTargetDependency;
			target = 342DEA811DAED5E70069D58B /* BasicUserRegistrationEmail-Swift */;
			targetProxy = 342DEA971DAED5E80069D58B /* PBXContainerItemProxy */;
		};
		342DEAA31DAED5E80069D58B /* PBXTargetDependency */ = {
			isa = PBXTargetDependency;
			target = 342DEA811DAED5E70069D58B /* BasicUserRegistrationEmail-Swift */;
			targetProxy = 342DEAA21DAED5E80069D58B /* PBXContainerItemProxy */;
		};
/* End PBXTargetDependency section */

/* Begin PBXVariantGroup section */
		342DEA891DAED5E80069D58B /* Main.storyboard */ = {
			isa = PBXVariantGroup;
			children = (
				342DEA8A1DAED5E80069D58B /* Base */,
			);
			name = Main.storyboard;
			sourceTree = "<group>";
		};
		342DEA8E1DAED5E80069D58B /* LaunchScreen.storyboard */ = {
			isa = PBXVariantGroup;
			children = (
				342DEA8F1DAED5E80069D58B /* Base */,
			);
			name = LaunchScreen.storyboard;
			sourceTree = "<group>";
		};
/* End PBXVariantGroup section */

/* Begin XCBuildConfiguration section */
		342DEAA81DAED5E80069D58B /* Debug */ = {
			isa = XCBuildConfiguration;
			buildSettings = {
				ALWAYS_SEARCH_USER_PATHS = NO;
				CLANG_ANALYZER_NONNULL = YES;
				CLANG_CXX_LANGUAGE_STANDARD = "gnu++0x";
				CLANG_CXX_LIBRARY = "libc++";
				CLANG_ENABLE_MODULES = YES;
				CLANG_ENABLE_OBJC_ARC = YES;
				CLANG_WARN_BOOL_CONVERSION = YES;
				CLANG_WARN_CONSTANT_CONVERSION = YES;
				CLANG_WARN_DIRECT_OBJC_ISA_USAGE = YES_ERROR;
				CLANG_WARN_DOCUMENTATION_COMMENTS = YES;
				CLANG_WARN_EMPTY_BODY = YES;
				CLANG_WARN_ENUM_CONVERSION = YES;
				CLANG_WARN_INFINITE_RECURSION = YES;
				CLANG_WARN_INT_CONVERSION = YES;
				CLANG_WARN_OBJC_ROOT_CLASS = YES_ERROR;
				CLANG_WARN_SUSPICIOUS_MOVES = YES;
				CLANG_WARN_UNREACHABLE_CODE = YES;
				CLANG_WARN__DUPLICATE_METHOD_MATCH = YES;
				"CODE_SIGN_IDENTITY[sdk=iphoneos*]" = "iPhone Developer";
				COPY_PHASE_STRIP = NO;
				DEBUG_INFORMATION_FORMAT = dwarf;
				ENABLE_STRICT_OBJC_MSGSEND = YES;
				ENABLE_TESTABILITY = YES;
				GCC_C_LANGUAGE_STANDARD = gnu99;
				GCC_DYNAMIC_NO_PIC = NO;
				GCC_NO_COMMON_BLOCKS = YES;
				GCC_OPTIMIZATION_LEVEL = 0;
				GCC_PREPROCESSOR_DEFINITIONS = (
					"DEBUG=1",
					"$(inherited)",
				);
				GCC_WARN_64_TO_32_BIT_CONVERSION = YES;
				GCC_WARN_ABOUT_RETURN_TYPE = YES_ERROR;
				GCC_WARN_UNDECLARED_SELECTOR = YES;
				GCC_WARN_UNINITIALIZED_AUTOS = YES_AGGRESSIVE;
				GCC_WARN_UNUSED_FUNCTION = YES;
				GCC_WARN_UNUSED_VARIABLE = YES;
				IPHONEOS_DEPLOYMENT_TARGET = 10.0;
				MTL_ENABLE_DEBUG_INFO = YES;
				ONLY_ACTIVE_ARCH = YES;
				SDKROOT = iphoneos;
				SWIFT_ACTIVE_COMPILATION_CONDITIONS = DEBUG;
				SWIFT_OPTIMIZATION_LEVEL = "-Onone";
				TARGETED_DEVICE_FAMILY = "1,2";
			};
			name = Debug;
		};
		342DEAA91DAED5E80069D58B /* Release */ = {
			isa = XCBuildConfiguration;
			buildSettings = {
				ALWAYS_SEARCH_USER_PATHS = NO;
				CLANG_ANALYZER_NONNULL = YES;
				CLANG_CXX_LANGUAGE_STANDARD = "gnu++0x";
				CLANG_CXX_LIBRARY = "libc++";
				CLANG_ENABLE_MODULES = YES;
				CLANG_ENABLE_OBJC_ARC = YES;
				CLANG_WARN_BOOL_CONVERSION = YES;
				CLANG_WARN_CONSTANT_CONVERSION = YES;
				CLANG_WARN_DIRECT_OBJC_ISA_USAGE = YES_ERROR;
				CLANG_WARN_DOCUMENTATION_COMMENTS = YES;
				CLANG_WARN_EMPTY_BODY = YES;
				CLANG_WARN_ENUM_CONVERSION = YES;
				CLANG_WARN_INFINITE_RECURSION = YES;
				CLANG_WARN_INT_CONVERSION = YES;
				CLANG_WARN_OBJC_ROOT_CLASS = YES_ERROR;
				CLANG_WARN_SUSPICIOUS_MOVES = YES;
				CLANG_WARN_UNREACHABLE_CODE = YES;
				CLANG_WARN__DUPLICATE_METHOD_MATCH = YES;
				"CODE_SIGN_IDENTITY[sdk=iphoneos*]" = "iPhone Developer";
				COPY_PHASE_STRIP = NO;
				DEBUG_INFORMATION_FORMAT = "dwarf-with-dsym";
				ENABLE_NS_ASSERTIONS = NO;
				ENABLE_STRICT_OBJC_MSGSEND = YES;
				GCC_C_LANGUAGE_STANDARD = gnu99;
				GCC_NO_COMMON_BLOCKS = YES;
				GCC_WARN_64_TO_32_BIT_CONVERSION = YES;
				GCC_WARN_ABOUT_RETURN_TYPE = YES_ERROR;
				GCC_WARN_UNDECLARED_SELECTOR = YES;
				GCC_WARN_UNINITIALIZED_AUTOS = YES_AGGRESSIVE;
				GCC_WARN_UNUSED_FUNCTION = YES;
				GCC_WARN_UNUSED_VARIABLE = YES;
				IPHONEOS_DEPLOYMENT_TARGET = 10.0;
				MTL_ENABLE_DEBUG_INFO = NO;
				SDKROOT = iphoneos;
				SWIFT_OPTIMIZATION_LEVEL = "-Owholemodule";
				TARGETED_DEVICE_FAMILY = "1,2";
				VALIDATE_PRODUCT = YES;
			};
			name = Release;
		};
		342DEAAB1DAED5E80069D58B /* Debug */ = {
			isa = XCBuildConfiguration;
			buildSettings = {
				ASSETCATALOG_COMPILER_APPICON_NAME = AppIcon;
				FRAMEWORK_SEARCH_PATHS = (
					"$(inherited)",
					"$(PROJECT_DIR)",
				);
				INFOPLIST_FILE = "BasicUserRegistrationEmail-Swift/Info.plist";
				LD_RUNPATH_SEARCH_PATHS = "$(inherited) @executable_path/Frameworks";
				PRODUCT_BUNDLE_IDENTIFIER = "back4app.BasicUserRegistrationEmail-Swift";
				PRODUCT_NAME = "$(TARGET_NAME)";
				SWIFT_VERSION = 3.0;
			};
			name = Debug;
		};
		342DEAAC1DAED5E80069D58B /* Release */ = {
			isa = XCBuildConfiguration;
			buildSettings = {
				ASSETCATALOG_COMPILER_APPICON_NAME = AppIcon;
				FRAMEWORK_SEARCH_PATHS = (
					"$(inherited)",
					"$(PROJECT_DIR)",
				);
				INFOPLIST_FILE = "BasicUserRegistrationEmail-Swift/Info.plist";
				LD_RUNPATH_SEARCH_PATHS = "$(inherited) @executable_path/Frameworks";
				PRODUCT_BUNDLE_IDENTIFIER = "back4app.BasicUserRegistrationEmail-Swift";
				PRODUCT_NAME = "$(TARGET_NAME)";
				SWIFT_VERSION = 3.0;
			};
			name = Release;
		};
		342DEAAE1DAED5E80069D58B /* Debug */ = {
			isa = XCBuildConfiguration;
			buildSettings = {
				ALWAYS_EMBED_SWIFT_STANDARD_LIBRARIES = YES;
				BUNDLE_LOADER = "$(TEST_HOST)";
				INFOPLIST_FILE = "BasicUserRegistrationEmail-SwiftTests/Info.plist";
				LD_RUNPATH_SEARCH_PATHS = "$(inherited) @executable_path/Frameworks @loader_path/Frameworks";
				PRODUCT_BUNDLE_IDENTIFIER = "back4app.BasicUserRegistrationEmail-SwiftTests";
				PRODUCT_NAME = "$(TARGET_NAME)";
				SWIFT_VERSION = 3.0;
				TEST_HOST = "$(BUILT_PRODUCTS_DIR)/BasicUserRegistrationEmail-Swift.app/BasicUserRegistrationEmail-Swift";
			};
			name = Debug;
		};
		342DEAAF1DAED5E80069D58B /* Release */ = {
			isa = XCBuildConfiguration;
			buildSettings = {
				ALWAYS_EMBED_SWIFT_STANDARD_LIBRARIES = YES;
				BUNDLE_LOADER = "$(TEST_HOST)";
				INFOPLIST_FILE = "BasicUserRegistrationEmail-SwiftTests/Info.plist";
				LD_RUNPATH_SEARCH_PATHS = "$(inherited) @executable_path/Frameworks @loader_path/Frameworks";
				PRODUCT_BUNDLE_IDENTIFIER = "back4app.BasicUserRegistrationEmail-SwiftTests";
				PRODUCT_NAME = "$(TARGET_NAME)";
				SWIFT_VERSION = 3.0;
				TEST_HOST = "$(BUILT_PRODUCTS_DIR)/BasicUserRegistrationEmail-Swift.app/BasicUserRegistrationEmail-Swift";
			};
			name = Release;
		};
		342DEAB11DAED5E80069D58B /* Debug */ = {
			isa = XCBuildConfiguration;
			buildSettings = {
				ALWAYS_EMBED_SWIFT_STANDARD_LIBRARIES = YES;
				INFOPLIST_FILE = "BasicUserRegistrationEmail-SwiftUITests/Info.plist";
				LD_RUNPATH_SEARCH_PATHS = "$(inherited) @executable_path/Frameworks @loader_path/Frameworks";
				PRODUCT_BUNDLE_IDENTIFIER = "back4app.BasicUserRegistrationEmail-SwiftUITests";
				PRODUCT_NAME = "$(TARGET_NAME)";
				SWIFT_VERSION = 3.0;
				TEST_TARGET_NAME = "BasicUserRegistrationEmail-Swift";
			};
			name = Debug;
		};
		342DEAB21DAED5E80069D58B /* Release */ = {
			isa = XCBuildConfiguration;
			buildSettings = {
				ALWAYS_EMBED_SWIFT_STANDARD_LIBRARIES = YES;
				INFOPLIST_FILE = "BasicUserRegistrationEmail-SwiftUITests/Info.plist";
				LD_RUNPATH_SEARCH_PATHS = "$(inherited) @executable_path/Frameworks @loader_path/Frameworks";
				PRODUCT_BUNDLE_IDENTIFIER = "back4app.BasicUserRegistrationEmail-SwiftUITests";
				PRODUCT_NAME = "$(TARGET_NAME)";
				SWIFT_VERSION = 3.0;
				TEST_TARGET_NAME = "BasicUserRegistrationEmail-Swift";
			};
			name = Release;
		};
/* End XCBuildConfiguration section */

/* Begin XCConfigurationList section */
		342DEA7D1DAED5E70069D58B /* Build configuration list for PBXProject "BasicUserRegistrationEmail-Swift" */ = {
			isa = XCConfigurationList;
			buildConfigurations = (
				342DEAA81DAED5E80069D58B /* Debug */,
				342DEAA91DAED5E80069D58B /* Release */,
			);
			defaultConfigurationIsVisible = 0;
			defaultConfigurationName = Release;
		};
		342DEAAA1DAED5E80069D58B /* Build configuration list for PBXNativeTarget "BasicUserRegistrationEmail-Swift" */ = {
			isa = XCConfigurationList;
			buildConfigurations = (
				342DEAAB1DAED5E80069D58B /* Debug */,
				342DEAAC1DAED5E80069D58B /* Release */,
			);
			defaultConfigurationIsVisible = 0;
		};
		342DEAAD1DAED5E80069D58B /* Build configuration list for PBXNativeTarget "BasicUserRegistrationEmail-SwiftTests" */ = {
			isa = XCConfigurationList;
			buildConfigurations = (
				342DEAAE1DAED5E80069D58B /* Debug */,
				342DEAAF1DAED5E80069D58B /* Release */,
			);
			defaultConfigurationIsVisible = 0;
		};
		342DEAB01DAED5E80069D58B /* Build configuration list for PBXNativeTarget "BasicUserRegistrationEmail-SwiftUITests" */ = {
			isa = XCConfigurationList;
			buildConfigurations = (
				342DEAB11DAED5E80069D58B /* Debug */,
				342DEAB21DAED5E80069D58B /* Release */,
			);
			defaultConfigurationIsVisible = 0;
		};
/* End XCConfigurationList section */
	};
	rootObject = 342DEA7A1DAED5E70069D58B /* Project object */;
}
